github.com/go-chi/chi v4.0.2+incompatible h1:maB6vn6FqCxrpz4FqWdh4+lwpyZIQS7YEAUcHlgXVRs=
github.com/go-chi/chi v4.0.2+incompatible/go.mod h1:eB3wogJHnLi3x/kFX2A+IbTBlXxmMeXJVKy9tTv1XzQ=
github.com/go-chi/render v1.0.1 h1:4/5tis2cKaNdnv9zFLfXzcquC9HbeZgCnxGnKrltBS8=
github.com/go-chi/render v1.0.1/go.mod h1:pq4Rr7HbnsdaeHagklXub+p6Wd16Af5l9koip1OvJns=
github.com/miguelmcell/Pre-merge-Gating-JenkinsX v0.0.0-20190414233803-70c6d3074c3d h1:2/eiQuvuOruLERO/t4sSKjoTAGNI99WaB0CfohQSEmU=
github.com/miguelmcell/Pre-merge-Gating-JenkinsX v0.0.0-20190414233803-70c6d3074c3d/go.mod h1:UecKK63AJwpD3Ip9nxK/fzt2O8tBKOBw9rR7Rm958M0=
